
Microsoft Visual Studio Solution File, Format Version 12.00
# Visual Studio Version 17
VisualStudioVersion = 17.2.32206.53
MinimumVisualStudioVersion = 10.0.40219.1
Project("{FAE04EC0-301F-11D3-BF4B-00C04F79EFBC}") = "EditorColorPreview", "src\EditorColorPreview.csproj", "{D06E0E89-FA50-4CA2-8799-692039708231}"
EndProject
Project("{2150E333-8FDC-42A3-9474-1A3956D46DE8}") = "Solution Items", "Solution Items", "{C5F84671-A5A4-44DE-90ED-AE41D99FABD1}"
	ProjectSection(SolutionItems) = preProject
		.github\workflows\build.yaml = .github\workflows\build.yaml
		README.md = README.md
		vs-publish.json = vs-publish.json
	EndProjectSection
EndProject
Project("{FAE04EC0-301F-11D3-BF4B-00C04F79EFBC}") = "EditorColorPreview.Test", "test\EditorColorPreview.Test\EditorColorPreview.Test.csproj", "{198E2552-B2B2-437E-8A9B-16CA9DFDC372}"
EndProject
Global
	GlobalSection(SolutionConfigurationPlatforms) = preSolution
		Debug|Any CPU = Debug|Any CPU
		Debug|x86 = Debug|x86
		Release|Any CPU = Release|Any CPU
		Release|x86 = Release|x86
	EndGlobalSection
	GlobalSection(ProjectConfigurationPlatforms) = postSolution
		{D06E0E89-FA50-4CA2-8799-692039708231}.Debug|Any CPU.ActiveCfg = Debug|Any CPU
		{D06E0E89-FA50-4CA2-8799-692039708231}.Debug|Any CPU.Build.0 = Debug|Any CPU
		{D06E0E89-FA50-4CA2-8799-692039708231}.Debug|x86.ActiveCfg = Debug|x86
		{D06E0E89-FA50-4CA2-8799-692039708231}.Debug|x86.Build.0 = Debug|x86
		{D06E0E89-FA50-4CA2-8799-692039708231}.Release|Any CPU.ActiveCfg = Release|Any CPU
		{D06E0E89-FA50-4CA2-8799-692039708231}.Release|Any CPU.Build.0 = Release|Any CPU
		{D06E0E89-FA50-4CA2-8799-692039708231}.Release|x86.ActiveCfg = Release|x86
		{D06E0E89-FA50-4CA2-8799-692039708231}.Release|x86.Build.0 = Release|x86
		{198E2552-B2B2-437E-8A9B-16CA9DFDC372}.Debug|Any CPU.ActiveCfg = Debug|Any CPU
		{198E2552-B2B2-437E-8A9B-16CA9DFDC372}.Debug|Any CPU.Build.0 = Debug|Any CPU
		{198E2552-B2B2-437E-8A9B-16CA9DFDC372}.Debug|x86.ActiveCfg = Debug|Any CPU
		{198E2552-B2B2-437E-8A9B-16CA9DFDC372}.Debug|x86.Build.0 = Debug|Any CPU
		{198E2552-B2B2-437E-8A9B-16CA9DFDC372}.Release|Any CPU.ActiveCfg = Release|Any CPU
		{198E2552-B2B2-437E-8A9B-16CA9DFDC372}.Release|Any CPU.Build.0 = Release|Any CPU
		{198E2552-B2B2-437E-8A9B-16CA9DFDC372}.Release|x86.ActiveCfg = Release|Any CPU
		{198E2552-B2B2-437E-8A9B-16CA9DFDC372}.Release|x86.Build.0 = Release|Any CPU
	EndGlobalSection
	GlobalSection(SolutionProperties) = preSolution
		HideSolutionNode = FALSE
	EndGlobalSection
	GlobalSection(ExtensibilityGlobals) = postSolution
		SolutionGuid = {0B58B8B8-1B82-4E66-B833-590313C0B13F}
	EndGlobalSection
EndGlobal
